
Microsoft Visual Studio Solution File, Format Version 12.00
# Visual Studio Version 16
VisualStudioVersion = 25.0.1704.2
MinimumVisualStudioVersion = 10.0.40219.1
Project("{FAE04EC0-301F-11D3-BF4B-00C04F79EFBC}") = "SS63Tiers.Api", "SS63Tiers.Api\SS63Tiers.Api.csproj", "{8FFE1DD6-19EA-49FB-9328-170BA89E6A5A}"
EndProject
Project("{FAE04EC0-301F-11D3-BF4B-00C04F79EFBC}") = "SS63Tiers.Web", "SS63Tiers.Web\SS63Tiers.Web.csproj", "{684AD269-567F-4F11-A443-2A8CCDC82D78}"
EndProject
Global
	GlobalSection(SolutionConfigurationPlatforms) = preSolution
		Debug|Any CPU = Debug|Any CPU
		Release|Any CPU = Release|Any CPU
	EndGlobalSection
	GlobalSection(ProjectConfigurationPlatforms) = postSolution
		{8FFE1DD6-19EA-49FB-9328-170BA89E6A5A}.Debug|Any CPU.ActiveCfg = Debug|Any CPU
		{8FFE1DD6-19EA-49FB-9328-170BA89E6A5A}.Debug|Any CPU.Build.0 = Debug|Any CPU
		{8FFE1DD6-19EA-49FB-9328-170BA89E6A5A}.Release|Any CPU.ActiveCfg = Release|Any CPU
		{8FFE1DD6-19EA-49FB-9328-170BA89E6A5A}.Release|Any CPU.Build.0 = Release|Any CPU
		{684AD269-567F-4F11-A443-2A8CCDC82D78}.Debug|Any CPU.ActiveCfg = Debug|Any CPU
		{684AD269-567F-4F11-A443-2A8CCDC82D78}.Debug|Any CPU.Build.0 = Debug|Any CPU
		{684AD269-567F-4F11-A443-2A8CCDC82D78}.Release|Any CPU.ActiveCfg = Release|Any CPU
		{684AD269-567F-4F11-A443-2A8CCDC82D78}.Release|Any CPU.Build.0 = Release|Any CPU
	EndGlobalSection
	GlobalSection(SolutionProperties) = preSolution
		HideSolutionNode = FALSE
	EndGlobalSection
	GlobalSection(ExtensibilityGlobals) = postSolution
		SolutionGuid = {243C50EB-482D-43F3-ACFF-873F39A74724}
	EndGlobalSection
EndGlobal
